
Microsoft Visual Studio Solution File, Format Version 12.00
# Visual Studio Version 16
VisualStudioVersion = 16.0.29020.237
MinimumVisualStudioVersion = 10.0.40219.1
Project("{FAE04EC0-301F-11D3-BF4B-00C04F79EFBC}") = "globalize-dates-in-server-side-generated-files", "globalize-dates-in-server-side-generated-files.csproj", "{9D9F419F-659A-4F71-9E94-86D5B2AD7537}"
EndProject
Global
	GlobalSection(SolutionConfigurationPlatforms) = preSolution
		Debug|Any CPU = Debug|Any CPU
		Release|Any CPU = Release|Any CPU
	EndGlobalSection
	GlobalSection(ProjectConfigurationPlatforms) = postSolution
		{9D9F419F-659A-4F71-9E94-86D5B2AD7537}.Debug|Any CPU.ActiveCfg = Debug|Any CPU
		{9D9F419F-659A-4F71-9E94-86D5B2AD7537}.Debug|Any CPU.Build.0 = Debug|Any CPU
		{9D9F419F-659A-4F71-9E94-86D5B2AD7537}.Release|Any CPU.ActiveCfg = Release|Any CPU
		{9D9F419F-659A-4F71-9E94-86D5B2AD7537}.Release|Any CPU.Build.0 = Release|Any CPU
	EndGlobalSection
	GlobalSection(SolutionProperties) = preSolution
		HideSolutionNode = FALSE
	EndGlobalSection
	GlobalSection(ExtensibilityGlobals) = postSolution
		SolutionGuid = {C89CFEC2-9308-4BD9-BD80-DD39FD23EACA}
	EndGlobalSection
EndGlobal
